
Microsoft Visual Studio Solution File, Format Version 12.00
# Visual Studio 14
VisualStudioVersion = 14.0.25420.1
MinimumVisualStudioVersion = 10.0.40219.1
Project("{00D1A9C2-B5F0-4AF3-8072-F6C62B433612}") = "DB", "DB\DB.sqlproj", "{5374A0E2-2765-4B79-B130-37B72B464816}"
EndProject
Project("{FAE04EC0-301F-11D3-BF4B-00C04F79EFBC}") = "HM-API-V4", "HM-API-V4\HM-API-V4.csproj", "{F94325EE-43ED-47C1-9952-F4F9006589BB}"
EndProject
Project("{FAE04EC0-301F-11D3-BF4B-00C04F79EFBC}") = "SMS", "SMS\SMS.csproj", "{974710C4-B067-46E9-8C41-555DDF36EF32}"
EndProject
Global
	GlobalSection(SolutionConfigurationPlatforms) = preSolution
		Debug|Any CPU = Debug|Any CPU
		Release|Any CPU = Release|Any CPU
	EndGlobalSection
	GlobalSection(ProjectConfigurationPlatforms) = postSolution
		{5374A0E2-2765-4B79-B130-37B72B464816}.Debug|Any CPU.ActiveCfg = Debug|Any CPU
		{5374A0E2-2765-4B79-B130-37B72B464816}.Debug|Any CPU.Build.0 = Debug|Any CPU
		{5374A0E2-2765-4B79-B130-37B72B464816}.Debug|Any CPU.Deploy.0 = Debug|Any CPU
		{5374A0E2-2765-4B79-B130-37B72B464816}.Release|Any CPU.ActiveCfg = Release|Any CPU
		{5374A0E2-2765-4B79-B130-37B72B464816}.Release|Any CPU.Build.0 = Release|Any CPU
		{5374A0E2-2765-4B79-B130-37B72B464816}.Release|Any CPU.Deploy.0 = Release|Any CPU
		{F94325EE-43ED-47C1-9952-F4F9006589BB}.Debug|Any CPU.ActiveCfg = Debug|Any CPU
		{F94325EE-43ED-47C1-9952-F4F9006589BB}.Debug|Any CPU.Build.0 = Debug|Any CPU
		{F94325EE-43ED-47C1-9952-F4F9006589BB}.Release|Any CPU.ActiveCfg = Release|Any CPU
		{F94325EE-43ED-47C1-9952-F4F9006589BB}.Release|Any CPU.Build.0 = Release|Any CPU
		{974710C4-B067-46E9-8C41-555DDF36EF32}.Debug|Any CPU.ActiveCfg = Debug|Any CPU
		{974710C4-B067-46E9-8C41-555DDF36EF32}.Debug|Any CPU.Build.0 = Debug|Any CPU
		{974710C4-B067-46E9-8C41-555DDF36EF32}.Release|Any CPU.ActiveCfg = Release|Any CPU
		{974710C4-B067-46E9-8C41-555DDF36EF32}.Release|Any CPU.Build.0 = Release|Any CPU
	EndGlobalSection
	GlobalSection(SolutionProperties) = preSolution
		HideSolutionNode = FALSE
	EndGlobalSection
EndGlobal
